
Microsoft Visual Studio Solution File, Format Version 12.00
# Visual Studio Version 17
VisualStudioVersion = 17.8.34309.116
MinimumVisualStudioVersion = 10.0.40219.1
Project("{FAE04EC0-301F-11D3-BF4B-00C04F79EFBC}") = "Pryaniky_v1", "Pryaniky_v1\Pryaniky_v1.csproj", "{15153EB9-25AA-427C-9B0D-01D43C380142}"
EndProject
Project("{FAE04EC0-301F-11D3-BF4B-00C04F79EFBC}") = "Pryaniky_v1.BLL", "Pryaniky_v1.BLL\Pryaniky_v1.BLL.csproj", "{EDBB288B-21F4-4B75-82F1-FBA9D3AADAC2}"
EndProject
Project("{FAE04EC0-301F-11D3-BF4B-00C04F79EFBC}") = "Pryaniky_v1.Contract", "Pryaniky_v1.Contract\Pryaniky_v1.Contract.csproj", "{F78260B9-09C9-43C2-9B6D-D68381A2766F}"
EndProject
Project("{FAE04EC0-301F-11D3-BF4B-00C04F79EFBC}") = "Pryaniky_v1.DAL", "Pryaniky_v1.DAL\Pryaniky_v1.DAL.csproj", "{0DFDDA84-94CA-4F86-B325-E9DC8999000D}"
EndProject
Global
	GlobalSection(SolutionConfigurationPlatforms) = preSolution
		Debug|Any CPU = Debug|Any CPU
		Release|Any CPU = Release|Any CPU
	EndGlobalSection
	GlobalSection(ProjectConfigurationPlatforms) = postSolution
		{15153EB9-25AA-427C-9B0D-01D43C380142}.Debug|Any CPU.ActiveCfg = Debug|Any CPU
		{15153EB9-25AA-427C-9B0D-01D43C380142}.Debug|Any CPU.Build.0 = Debug|Any CPU
		{15153EB9-25AA-427C-9B0D-01D43C380142}.Release|Any CPU.ActiveCfg = Release|Any CPU
		{15153EB9-25AA-427C-9B0D-01D43C380142}.Release|Any CPU.Build.0 = Release|Any CPU
		{EDBB288B-21F4-4B75-82F1-FBA9D3AADAC2}.Debug|Any CPU.ActiveCfg = Debug|Any CPU
		{EDBB288B-21F4-4B75-82F1-FBA9D3AADAC2}.Debug|Any CPU.Build.0 = Debug|Any CPU
		{EDBB288B-21F4-4B75-82F1-FBA9D3AADAC2}.Release|Any CPU.ActiveCfg = Release|Any CPU
		{EDBB288B-21F4-4B75-82F1-FBA9D3AADAC2}.Release|Any CPU.Build.0 = Release|Any CPU
		{F78260B9-09C9-43C2-9B6D-D68381A2766F}.Debug|Any CPU.ActiveCfg = Debug|Any CPU
		{F78260B9-09C9-43C2-9B6D-D68381A2766F}.Debug|Any CPU.Build.0 = Debug|Any CPU
		{F78260B9-09C9-43C2-9B6D-D68381A2766F}.Release|Any CPU.ActiveCfg = Release|Any CPU
		{F78260B9-09C9-43C2-9B6D-D68381A2766F}.Release|Any CPU.Build.0 = Release|Any CPU
		{0DFDDA84-94CA-4F86-B325-E9DC8999000D}.Debug|Any CPU.ActiveCfg = Debug|Any CPU
		{0DFDDA84-94CA-4F86-B325-E9DC8999000D}.Debug|Any CPU.Build.0 = Debug|Any CPU
		{0DFDDA84-94CA-4F86-B325-E9DC8999000D}.Release|Any CPU.ActiveCfg = Release|Any CPU
		{0DFDDA84-94CA-4F86-B325-E9DC8999000D}.Release|Any CPU.Build.0 = Release|Any CPU
	EndGlobalSection
	GlobalSection(SolutionProperties) = preSolution
		HideSolutionNode = FALSE
	EndGlobalSection
	GlobalSection(ExtensibilityGlobals) = postSolution
		SolutionGuid = {7E42CD7F-1452-47CC-B50A-F9357D151072}
	EndGlobalSection
EndGlobal
